
Microsoft Visual Studio Solution File, Format Version 12.00
# Visual Studio Version 17
VisualStudioVersion = 17.9.34728.123
MinimumVisualStudioVersion = 10.0.40219.1
Project("{FAE04EC0-301F-11D3-BF4B-00C04F79EFBC}") = "Employee Management Application", "Employee Management Application.csproj", "{C9725C28-5600-4FE5-841D-A2719ECB427F}"
EndProject
Global
	GlobalSection(SolutionConfigurationPlatforms) = preSolution
		Debug|Any CPU = Debug|Any CPU
		Release|Any CPU = Release|Any CPU
	EndGlobalSection
	GlobalSection(ProjectConfigurationPlatforms) = postSolution
		{C9725C28-5600-4FE5-841D-A2719ECB427F}.Debug|Any CPU.ActiveCfg = Debug|Any CPU
		{C9725C28-5600-4FE5-841D-A2719ECB427F}.Debug|Any CPU.Build.0 = Debug|Any CPU
		{C9725C28-5600-4FE5-841D-A2719ECB427F}.Release|Any CPU.ActiveCfg = Release|Any CPU
		{C9725C28-5600-4FE5-841D-A2719ECB427F}.Release|Any CPU.Build.0 = Release|Any CPU
	EndGlobalSection
	GlobalSection(SolutionProperties) = preSolution
		HideSolutionNode = FALSE
	EndGlobalSection
	GlobalSection(ExtensibilityGlobals) = postSolution
		SolutionGuid = {1F89CA6B-1C08-4A8B-A582-9C80EA4D38E4}
	EndGlobalSection
EndGlobal
